
Microsoft Visual Studio Solution File, Format Version 12.00
# Visual Studio Version 17
VisualStudioVersion = 17.7.34018.315
MinimumVisualStudioVersion = 10.0.40219.1
Project("{FAE04EC0-301F-11D3-BF4B-00C04F79EFBC}") = "08", "08\08.csproj", "{8CFA1683-2083-4D0B-85C5-AC76434160DF}"
EndProject
Global
	GlobalSection(SolutionConfigurationPlatforms) = preSolution
		Debug|Any CPU = Debug|Any CPU
		Release|Any CPU = Release|Any CPU
	EndGlobalSection
	GlobalSection(ProjectConfigurationPlatforms) = postSolution
		{8CFA1683-2083-4D0B-85C5-AC76434160DF}.Debug|Any CPU.ActiveCfg = Debug|Any CPU
		{8CFA1683-2083-4D0B-85C5-AC76434160DF}.Debug|Any CPU.Build.0 = Debug|Any CPU
		{8CFA1683-2083-4D0B-85C5-AC76434160DF}.Release|Any CPU.ActiveCfg = Release|Any CPU
		{8CFA1683-2083-4D0B-85C5-AC76434160DF}.Release|Any CPU.Build.0 = Release|Any CPU
	EndGlobalSection
	GlobalSection(SolutionProperties) = preSolution
		HideSolutionNode = FALSE
	EndGlobalSection
	GlobalSection(ExtensibilityGlobals) = postSolution
		SolutionGuid = {7C751960-6E26-48B3-8F95-E4AB2B48A3E8}
	EndGlobalSection
EndGlobal
